PODS:
  - Alamofire (3.1.5)
  - EasyAnimation (1.0.2)
  - HanekeSwift (0.10.1)
  - SABlurImageView (2.1.0)
  - SwiftGifOrigin (1.5.2)
  - SwiftyJSON (2.3.2)

DEPENDENCIES:
  - Alamofire
  - EasyAnimation
  - HanekeSwift
  - SABlurImageView
  - SwiftGifOrigin
  - SwiftyJSON

SPEC CHECKSUMS:
  Alamofire: 5f730ba29fd113b7ddd71c1e65d0c630acf5d7b0
  EasyAnimation: 9615e40f58aa7d8d6a67de66e0edda1903ffa990
  HanekeSwift: 08e47d3d0f2899ec58e5d257beba0de619aca9e8
  SABlurImageView: 869da4e0b80e60b21b05d98509de98d0221c15d5
  SwiftGifOrigin: a7671a6a68a2769e118c7da5bcc7c480798907b5
  SwiftyJSON: 04ccea08915aa0109039157c7974cf0298da292a

COCOAPODS: 0.39.0
