// !$*UTF8*$!
{
	archiveVersion = 1;
	classes = {
	};
	objectVersion = 46;
	objects = {

/* Begin PBXBuildFile section */
		542CD03F1C5E1BCE006C7A99 /* ShowerStatsViewController.swift in Sources */ = {isa = PBXBuildFile; fileRef = 542CD03E1C5E1BCE006C7A99 /* ShowerStatsViewController.swift */; };
		5492EBDC1C5B271600A97F06 /* AppDelegate.swift in Sources */ = {isa = PBXBuildFile; fileRef = 5492EBDB1C5B271600A97F06 /* AppDelegate.swift */; };
		5492EBE31C5B271600A97F06 /* Main.storyboard in Resources */ = {isa = PBXBuildFile; fileRef = 5492EBE11C5B271600A97F06 /* Main.storyboard */; };
		5492EBE51C5B271600A97F06 /* Assets.xcassets in Resources */ = {isa = PBXBuildFile; fileRef = 5492EBE41C5B271600A97F06 /* Assets.xcassets */; };
		5492EBE81C5B271600A97F06 /* LaunchScreen.storyboard in Resources */ = {isa = PBXBuildFile; fileRef = 5492EBE61C5B271600A97F06 /* LaunchScreen.storyboard */; };
		5492EBF31C5B271600A97F06 /* DrippTests.swift in Sources */ = {isa = PBXBuildFile; fileRef = 5492EBF21C5B271600A97F06 /* DrippTests.swift */; };
		5492EBFE1C5B271600A97F06 /* DrippUITests.swift in Sources */ = {isa = PBXBuildFile; fileRef = 5492EBFD1C5B271600A97F06 /* DrippUITests.swift */; };
		5492EC0C1C5B2E9700A97F06 /* FeedViewController.swift in Sources */ = {isa = PBXBuildFile; fileRef = 5492EC0B1C5B2E9700A97F06 /* FeedViewController.swift */; };
		5492EC0E1C5B2EA800A97F06 /* SettingsViewController.swift in Sources */ = {isa = PBXBuildFile; fileRef = 5492EC0D1C5B2EA800A97F06 /* SettingsViewController.swift */; };
		5492EC101C5B2EB500A97F06 /* ShowerViewController.swift in Sources */ = {isa = PBXBuildFile; fileRef = 5492EC0F1C5B2EB500A97F06 /* ShowerViewController.swift */; };
		5492EC121C5B2ECE00A97F06 /* ProfileViewController.swift in Sources */ = {isa = PBXBuildFile; fileRef = 5492EC111C5B2ECE00A97F06 /* ProfileViewController.swift */; };
		5492EC161C5B354500A97F06 /* PlayerViewController.swift in Sources */ = {isa = PBXBuildFile; fileRef = 5492EC151C5B354500A97F06 /* PlayerViewController.swift */; };
		5492EC1A1C5BEFD600A97F06 /* Podfile in Resources */ = {isa = PBXBuildFile; fileRef = 5492EC191C5BEFD600A97F06 /* Podfile */; };
		5492EC1C1C5BF64F00A97F06 /* sample.mp3 in Resources */ = {isa = PBXBuildFile; fileRef = 5492EC1B1C5BF64F00A97F06 /* sample.mp3 */; };
		5492EC1F1C5BF95400A97F06 /* Dripper.swift in Sources */ = {isa = PBXBuildFile; fileRef = 5492EC1E1C5BF95400A97F06 /* Dripper.swift */; };
		5492EC231C5C04ED00A97F06 /* FeedCell.swift in Sources */ = {isa = PBXBuildFile; fileRef = 5492EC221C5C04ED00A97F06 /* FeedCell.swift */; };
		5492EC251C5C052100A97F06 /* Colors.swift in Sources */ = {isa = PBXBuildFile; fileRef = 5492EC241C5C052100A97F06 /* Colors.swift */; };
		5492EC2B1C5C1D8200A97F06 /* UIImageColors.swift in Sources */ = {isa = PBXBuildFile; fileRef = 5492EC2A1C5C1D8200A97F06 /* UIImageColors.swift */; };
		5492EC2D1C5C206400A97F06 /* FriendsViewController.swift in Sources */ = {isa = PBXBuildFile; fileRef = 5492EC2C1C5C206400A97F06 /* FriendsViewController.swift */; };
		5492EC2F1C5C2A2D00A97F06 /* Song.swift in Sources */ = {isa = PBXBuildFile; fileRef = 5492EC2E1C5C2A2D00A97F06 /* Song.swift */; };
		5492EC311C5C735100A97F06 /* shower.mp3 in Resources */ = {isa = PBXBuildFile; fileRef = 5492EC301C5C735100A97F06 /* shower.mp3 */; };
		5492EC351C5C77CE00A97F06 /* WaterView.m in Sources */ = {isa = PBXBuildFile; fileRef = 5492EC341C5C77CE00A97F06 /* WaterView.m */; };
		5492EC3A1C5CA8D700A97F06 /* ChallengesViewController.swift in Sources */ = {isa = PBXBuildFile; fileRef = 5492EC391C5CA8D700A97F06 /* ChallengesViewController.swift */; };
		5492EC3C1C5CBD2A00A97F06 /* FriendsCell.swift in Sources */ = {isa = PBXBuildFile; fileRef = 5492EC3B1C5CBD2A00A97F06 /* FriendsCell.swift */; };
		5492EC3E1C5CC97B00A97F06 /* FeedItem.swift in Sources */ = {isa = PBXBuildFile; fileRef = 5492EC3D1C5CC97B00A97F06 /* FeedItem.swift */; };
		5492EC401C5CD0B800A97F06 /* Dates.swift in Sources */ = {isa = PBXBuildFile; fileRef = 5492EC3F1C5CD0B800A97F06 /* Dates.swift */; };
		5492EC4C1C5DCAF800A97F06 /* ToolbarManager.swift in Sources */ = {isa = PBXBuildFile; fileRef = 5492EC4B1C5DCAF800A97F06 /* ToolbarManager.swift */; };
		5492EC4E1C5DCCEB00A97F06 /* ShowerCell.swift in Sources */ = {isa = PBXBuildFile; fileRef = 5492EC4D1C5DCCEB00A97F06 /* ShowerCell.swift */; };
		5492EC501C5DCE0500A97F06 /* Playlist.swift in Sources */ = {isa = PBXBuildFile; fileRef = 5492EC4F1C5DCE0500A97F06 /* Playlist.swift */; };
		5492EC521C5DE77200A97F06 /* WatchConnectivity.framework in Frameworks */ = {isa = PBXBuildFile; fileRef = 5492EC511C5DE77200A97F06 /* WatchConnectivity.framework */; };
		61489BC45D92687FCC10AD2A /* Pods.framework in Frameworks */ = {isa = PBXBuildFile; fileRef = 8A333912402514296D82CBFD /* Pods.framework */; };
		A95E24721C5DC3AF00FE81BF /* Interface.storyboard in Resources */ = {isa = PBXBuildFile; fileRef = A95E24701C5DC3AF00FE81BF /* Interface.storyboard */; };
		A95E24741C5DC3AF00FE81BF /* Assets.xcassets in Resources */ = {isa = PBXBuildFile; fileRef = A95E24731C5DC3AF00FE81BF /* Assets.xcassets */; };
		A95E247B1C5DC3B000FE81BF /* DrippWatch Extension.appex in Embed App Extensions */ = {isa = PBXBuildFile; fileRef = A95E247A1C5DC3B000FE81BF /* DrippWatch Extension.appex */; settings = {ATTRIBUTES = (RemoveHeadersOnCopy, ); }; };
		A95E24801C5DC3B000FE81BF /* InterfaceController.swift in Sources */ = {isa = PBXBuildFile; fileRef = A95E247F1C5DC3B000FE81BF /* InterfaceController.swift */; };
		A95E24821C5DC3B000FE81BF /* ExtensionDelegate.swift in Sources */ = {isa = PBXBuildFile; fileRef = A95E24811C5DC3B000FE81BF /* ExtensionDelegate.swift */; };
		A95E24841C5DC3B000FE81BF /* Assets.xcassets in Resources */ = {isa = PBXBuildFile; fileRef = A95E24831C5DC3B000FE81BF /* Assets.xcassets */; };
		A95E24881C5DC3B000FE81BF /* DrippWatch.app in Embed Watch Content */ = {isa = PBXBuildFile; fileRef = A95E246E1C5DC3AF00FE81BF /* DrippWatch.app */; };
/* End PBXBuildFile section */

/* Begin PBXContainerItemProxy section */
		5492EBEF1C5B271600A97F06 /* PBXContainerItemProxy */ = {
			isa = PBXContainerItemProxy;
			containerPortal = 5492EBD01C5B271600A97F06 /* Project object */;
			proxyType = 1;
			remoteGlobalIDString = 5492EBD71C5B271600A97F06;
			remoteInfo = Dripp;
		};
		5492EBFA1C5B271600A97F06 /* PBXContainerItemProxy */ = {
			isa = PBXContainerItemProxy;
			containerPortal = 5492EBD01C5B271600A97F06 /* Project object */;
			proxyType = 1;
			remoteGlobalIDString = 5492EBD71C5B271600A97F06;
			remoteInfo = Dripp;
		};
		A95E247C1C5DC3B000FE81BF /* PBXContainerItemProxy */ = {
			isa = PBXContainerItemProxy;
			containerPortal = 5492EBD01C5B271600A97F06 /* Project object */;
			proxyType = 1;
			remoteGlobalIDString = A95E24791C5DC3B000FE81BF;
			remoteInfo = "DrippWatch Extension";
		};
		A95E24861C5DC3B000FE81BF /* PBXContainerItemProxy */ = {
			isa = PBXContainerItemProxy;
			containerPortal = 5492EBD01C5B271600A97F06 /* Project object */;
			proxyType = 1;
			remoteGlobalIDString = A95E246D1C5DC3AF00FE81BF;
			remoteInfo = DrippWatch;
		};
/* End PBXContainerItemProxy section */

/* Begin PBXCopyFilesBuildPhase section */
		A95E248E1C5DC3B000FE81BF /* Embed App Extensions */ = {
			isa = PBXCopyFilesBuildPhase;
			buildActionMask = 2147483647;
			dstPath = "";
			dstSubfolderSpec = 13;
			files = (
				A95E247B1C5DC3B000FE81BF /* DrippWatch Extension.appex in Embed App Extensions */,
			);
			name = "Embed App Extensions";
			runOnlyForDeploymentPostprocessing = 0;
		};
		A95E24901C5DC3B000FE81BF /* Embed Watch Content */ = {
			isa = PBXCopyFilesBuildPhase;
			buildActionMask = 2147483647;
			dstPath = "$(CONTENTS_FOLDER_PATH)/Watch";
			dstSubfolderSpec = 16;
			files = (
				A95E24881C5DC3B000FE81BF /* DrippWatch.app in Embed Watch Content */,
			);
			name = "Embed Watch Content";
			runOnlyForDeploymentPostprocessing = 0;
		};
/* End PBXCopyFilesBuildPhase section */

/* Begin PBXFileReference section */
		4449194B6E0BC127F9E52C13 /* Pods.debug.xcconfig */ = {isa = PBXFileReference; includeInIndex = 1; lastKnownFileType = text.xcconfig; name = Pods.debug.xcconfig; path = "Pods/Target Support Files/Pods/Pods.debug.xcconfig"; sourceTree = "<group>"; };
		542CD03E1C5E1BCE006C7A99 /* ShowerStatsViewController.swift */ = {isa = PBXFileReference; fileEncoding = 4; lastKnownFileType = sourcecode.swift; path = ShowerStatsViewController.swift; sourceTree = "<group>"; };
		5492EBD81C5B271600A97F06 /* Dripp.app */ = {isa = PBXFileReference; explicitFileType = wrapper.application; includeInIndex = 0; path = Dripp.app; sourceTree = BUILT_PRODUCTS_DIR; };
		5492EBDB1C5B271600A97F06 /* AppDelegate.swift */ = {isa = PBXFileReference; lastKnownFileType = sourcecode.swift; path = AppDelegate.swift; sourceTree = "<group>"; };
		5492EBE21C5B271600A97F06 /* Base */ = {isa = PBXFileReference; lastKnownFileType = file.storyboard; name = Base; path = Base.lproj/Main.storyboard; sourceTree = "<group>"; };
		5492EBE41C5B271600A97F06 /* Assets.xcassets */ = {isa = PBXFileReference; lastKnownFileType = folder.assetcatalog; path = Assets.xcassets; sourceTree = "<group>"; };
		5492EBE71C5B271600A97F06 /* Base */ = {isa = PBXFileReference; lastKnownFileType = file.storyboard; name = Base; path = Base.lproj/LaunchScreen.storyboard; sourceTree = "<group>"; };
		5492EBE91C5B271600A97F06 /* Info.plist */ = {isa = PBXFileReference; lastKnownFileType = text.plist.xml; path = Info.plist; sourceTree = "<group>"; };
		5492EBEE1C5B271600A97F06 /* DrippTests.xctest */ = {isa = PBXFileReference; explicitFileType = wrapper.cfbundle; includeInIndex = 0; path = DrippTests.xctest; sourceTree = BUILT_PRODUCTS_DIR; };
		5492EBF21C5B271600A97F06 /* DrippTests.swift */ = {isa = PBXFileReference; lastKnownFileType = sourcecode.swift; path = DrippTests.swift; sourceTree = "<group>"; };
		5492EBF41C5B271600A97F06 /* Info.plist */ = {isa = PBXFileReference; lastKnownFileType = text.plist.xml; path = Info.plist; sourceTree = "<group>"; };
		5492EBF91C5B271600A97F06 /* DrippUITests.xctest */ = {isa = PBXFileReference; explicitFileType = wrapper.cfbundle; includeInIndex = 0; path = DrippUITests.xctest; sourceTree = BUILT_PRODUCTS_DIR; };
		5492EBFD1C5B271600A97F06 /* DrippUITests.swift */ = {isa = PBXFileReference; lastKnownFileType = sourcecode.swift; path = DrippUITests.swift; sourceTree = "<group>"; };
		5492EBFF1C5B271600A97F06 /* Info.plist */ = {isa = PBXFileReference; lastKnownFileType = text.plist.xml; path = Info.plist; sourceTree = "<group>"; };
		5492EC0B1C5B2E9700A97F06 /* FeedViewController.swift */ = {isa = PBXFileReference; fileEncoding = 4; lastKnownFileType = sourcecode.swift; path = FeedViewController.swift; sourceTree = "<group>"; };
		5492EC0D1C5B2EA800A97F06 /* SettingsViewController.swift */ = {isa = PBXFileReference; fileEncoding = 4; lastKnownFileType = sourcecode.swift; path = SettingsViewController.swift; sourceTree = "<group>"; };
		5492EC0F1C5B2EB500A97F06 /* ShowerViewController.swift */ = {isa = PBXFileReference; fileEncoding = 4; lastKnownFileType = sourcecode.swift; path = ShowerViewController.swift; sourceTree = "<group>"; };
		5492EC111C5B2ECE00A97F06 /* ProfileViewController.swift */ = {isa = PBXFileReference; fileEncoding = 4; lastKnownFileType = sourcecode.swift; path = ProfileViewController.swift; sourceTree = "<group>"; };
		5492EC151C5B354500A97F06 /* PlayerViewController.swift */ = {isa = PBXFileReference; fileEncoding = 4; lastKnownFileType = sourcecode.swift; path = PlayerViewController.swift; sourceTree = "<group>"; };
		5492EC191C5BEFD600A97F06 /* Podfile */ = {isa = PBXFileReference; fileEncoding = 4; lastKnownFileType = text; path = Podfile; sourceTree = "<group>"; xcLanguageSpecificationIdentifier = xcode.lang.ruby; };
		5492EC1B1C5BF64F00A97F06 /* sample.mp3 */ = {isa = PBXFileReference; lastKnownFileType = audio.mp3; path = sample.mp3; sourceTree = "<group>"; };
		5492EC1E1C5BF95400A97F06 /* Dripper.swift */ = {isa = PBXFileReference; fileEncoding = 4; lastKnownFileType = sourcecode.swift; path = Dripper.swift; sourceTree = "<group>"; };
		5492EC221C5C04ED00A97F06 /* FeedCell.swift */ = {isa = PBXFileReference; fileEncoding = 4; lastKnownFileType = sourcecode.swift; path = FeedCell.swift; sourceTree = "<group>"; };
		5492EC241C5C052100A97F06 /* Colors.swift */ = {isa = PBXFileReference; fileEncoding = 4; lastKnownFileType = sourcecode.swift; path = Colors.swift; sourceTree = "<group>"; };
		5492EC2A1C5C1D8200A97F06 /* UIImageColors.swift */ = {isa = PBXFileReference; fileEncoding = 4; lastKnownFileType = sourcecode.swift; path = UIImageColors.swift; sourceTree = "<group>"; };
		5492EC2C1C5C206400A97F06 /* FriendsViewController.swift */ = {isa = PBXFileReference; fileEncoding = 4; lastKnownFileType = sourcecode.swift; path = FriendsViewController.swift; sourceTree = "<group>"; };
		5492EC2E1C5C2A2D00A97F06 /* Song.swift */ = {isa = PBXFileReference; fileEncoding = 4; lastKnownFileType = sourcecode.swift; path = Song.swift; sourceTree = "<group>"; };
		5492EC301C5C735100A97F06 /* shower.mp3 */ = {isa = PBXFileReference; lastKnownFileType = audio.mp3; path = shower.mp3; sourceTree = "<group>"; };
		5492EC321C5C77CE00A97F06 /* Dripp-Bridging-Header.h */ = {isa = PBXFileReference; lastKnownFileType = sourcecode.c.h; path = "Dripp-Bridging-Header.h"; sourceTree = "<group>"; };
		5492EC331C5C77CE00A97F06 /* WaterView.h */ = {isa = PBXFileReference; fileEncoding = 4; lastKnownFileType = sourcecode.c.h; path = WaterView.h; sourceTree = "<group>"; };
		5492EC341C5C77CE00A97F06 /* WaterView.m */ = {isa = PBXFileReference; fileEncoding = 4; lastKnownFileType = sourcecode.c.objc; path = WaterView.m; sourceTree = "<group>"; };
		5492EC391C5CA8D700A97F06 /* ChallengesViewController.swift */ = {isa = PBXFileReference; fileEncoding = 4; lastKnownFileType = sourcecode.swift; path = ChallengesViewController.swift; sourceTree = "<group>"; };
		5492EC3B1C5CBD2A00A97F06 /* FriendsCell.swift */ = {isa = PBXFileReference; fileEncoding = 4; lastKnownFileType = sourcecode.swift; path = FriendsCell.swift; sourceTree = "<group>"; };
		5492EC3D1C5CC97B00A97F06 /* FeedItem.swift */ = {isa = PBXFileReference; fileEncoding = 4; lastKnownFileType = sourcecode.swift; path = FeedItem.swift; sourceTree = "<group>"; };
		5492EC3F1C5CD0B800A97F06 /* Dates.swift */ = {isa = PBXFileReference; fileEncoding = 4; lastKnownFileType = sourcecode.swift; path = Dates.swift; sourceTree = "<group>"; };
		5492EC4B1C5DCAF800A97F06 /* ToolbarManager.swift */ = {isa = PBXFileReference; fileEncoding = 4; lastKnownFileType = sourcecode.swift; path = ToolbarManager.swift; sourceTree = "<group>"; };
		5492EC4D1C5DCCEB00A97F06 /* ShowerCell.swift */ = {isa = PBXFileReference; fileEncoding = 4; lastKnownFileType = sourcecode.swift; path = ShowerCell.swift; sourceTree = "<group>"; };
		5492EC4F1C5DCE0500A97F06 /* Playlist.swift */ = {isa = PBXFileReference; fileEncoding = 4; lastKnownFileType = sourcecode.swift; path = Playlist.swift; sourceTree = "<group>"; };
		5492EC511C5DE77200A97F06 /* WatchConnectivity.framework */ = {isa = PBXFileReference; lastKnownFileType = wrapper.framework; name = WatchConnectivity.framework; path = System/Library/Frameworks/WatchConnectivity.framework; sourceTree = SDKROOT; };
		89AC20D05B519CBA808E268B /* Pods.release.xcconfig */ = {isa = PBXFileReference; includeInIndex = 1; lastKnownFileType = text.xcconfig; name = Pods.release.xcconfig; path = "Pods/Target Support Files/Pods/Pods.release.xcconfig"; sourceTree = "<group>"; };
		8A333912402514296D82CBFD /* Pods.framework */ = {isa = PBXFileReference; explicitFileType = wrapper.framework; includeInIndex = 0; path = Pods.framework; sourceTree = BUILT_PRODUCTS_DIR; };
		A95E246E1C5DC3AF00FE81BF /* DrippWatch.app */ = {isa = PBXFileReference; explicitFileType = wrapper.application; includeInIndex = 0; path = DrippWatch.app; sourceTree = BUILT_PRODUCTS_DIR; };
		A95E24711C5DC3AF00FE81BF /* Base */ = {isa = PBXFileReference; lastKnownFileType = file.storyboard; name = Base; path = Base.lproj/Interface.storyboard; sourceTree = "<group>"; };
		A95E24731C5DC3AF00FE81BF /* Assets.xcassets */ = {isa = PBXFileReference; lastKnownFileType = folder.assetcatalog; path = Assets.xcassets; sourceTree = "<group>"; };
		A95E24751C5DC3AF00FE81BF /* Info.plist */ = {isa = PBXFileReference; lastKnownFileType = text.plist.xml; path = Info.plist; sourceTree = "<group>"; };
		A95E247A1C5DC3B000FE81BF /* DrippWatch Extension.appex */ = {isa = PBXFileReference; explicitFileType = "wrapper.app-extension"; includeInIndex = 0; path = "DrippWatch Extension.appex"; sourceTree = BUILT_PRODUCTS_DIR; };
		A95E247F1C5DC3B000FE81BF /* InterfaceController.swift */ = {isa = PBXFileReference; lastKnownFileType = sourcecode.swift; path = InterfaceController.swift; sourceTree = "<group>"; };
		A95E24811C5DC3B000FE81BF /* ExtensionDelegate.swift */ = {isa = PBXFileReference; lastKnownFileType = sourcecode.swift; path = ExtensionDelegate.swift; sourceTree = "<group>"; };
		A95E24831C5DC3B000FE81BF /* Assets.xcassets */ = {isa = PBXFileReference; lastKnownFileType = folder.assetcatalog; path = Assets.xcassets; sourceTree = "<group>"; };
		A95E24851C5DC3B000FE81BF /* Info.plist */ = {isa = PBXFileReference; lastKnownFileType = text.plist.xml; path = Info.plist; sourceTree = "<group>"; };
/* End PBXFileReference section */

/* Begin PBXFrameworksBuildPhase section */
		5492EBD51C5B271600A97F06 /* Frameworks */ = {
			isa = PBXFrameworksBuildPhase;
			buildActionMask = 2147483647;
			files = (
				5492EC521C5DE77200A97F06 /* WatchConnectivity.framework in Frameworks */,
				61489BC45D92687FCC10AD2A /* Pods.framework in Frameworks */,
			);
			runOnlyForDeploymentPostprocessing = 0;
		};
		5492EBEB1C5B271600A97F06 /* Frameworks */ = {
			isa = PBXFrameworksBuildPhase;
			buildActionMask = 2147483647;
			files = (
			);
			runOnlyForDeploymentPostprocessing = 0;
		};
		5492EBF61C5B271600A97F06 /* Frameworks */ = {
			isa = PBXFrameworksBuildPhase;
			buildActionMask = 2147483647;
			files = (
			);
			runOnlyForDeploymentPostprocessing = 0;
		};
		A95E24771C5DC3B000FE81BF /* Frameworks */ = {
			isa = PBXFrameworksBuildPhase;
			buildActionMask = 2147483647;
			files = (
			);
			runOnlyForDeploymentPostprocessing = 0;
		};
/* End PBXFrameworksBuildPhase section */

/* Begin PBXGroup section */
		5492EBCF1C5B271600A97F06 = {
			isa = PBXGroup;
			children = (
				5492EC191C5BEFD600A97F06 /* Podfile */,
				5492EBDA1C5B271600A97F06 /* Dripp */,
				5492EBF11C5B271600A97F06 /* DrippTests */,
				5492EBFC1C5B271600A97F06 /* DrippUITests */,
				A95E246F1C5DC3AF00FE81BF /* DrippWatch */,
				A95E247E1C5DC3B000FE81BF /* DrippWatch Extension */,
				5492EBD91C5B271600A97F06 /* Products */,
				77AFF41EBF07B5752532C5BD /* Pods */,
				C843B71CAEFC3F49C15EB2A8 /* Frameworks */,
			);
			sourceTree = "<group>";
		};
		5492EBD91C5B271600A97F06 /* Products */ = {
			isa = PBXGroup;
			children = (
				5492EBD81C5B271600A97F06 /* Dripp.app */,
				5492EBEE1C5B271600A97F06 /* DrippTests.xctest */,
				5492EBF91C5B271600A97F06 /* DrippUITests.xctest */,
				A95E246E1C5DC3AF00FE81BF /* DrippWatch.app */,
				A95E247A1C5DC3B000FE81BF /* DrippWatch Extension.appex */,
			);
			name = Products;
			sourceTree = "<group>";
		};
		5492EBDA1C5B271600A97F06 /* Dripp */ = {
			isa = PBXGroup;
			children = (
				5492EBDB1C5B271600A97F06 /* AppDelegate.swift */,
				5492EC411C5CD37100A97F06 /* Feed */,
				5492EC421C5CD37B00A97F06 /* Challenges */,
				5492EC481C5CD3D200A97F06 /* Friends */,
				5492EC471C5CD3AD00A97F06 /* Shower and Player */,
				5492EC461C5CD3A900A97F06 /* Profile */,
				5492EC491C5CD3DD00A97F06 /* Settings */,
				5492EC441C5CD38A00A97F06 /* Objects */,
				5492EC451C5CD3A000A97F06 /* Supporting Files */,
				5492EBE11C5B271600A97F06 /* Main.storyboard */,
				5492EBE41C5B271600A97F06 /* Assets.xcassets */,
				5492EBE61C5B271600A97F06 /* LaunchScreen.storyboard */,
				5492EC1D1C5BF67E00A97F06 /* Audio Files */,
				5492EBE91C5B271600A97F06 /* Info.plist */,
				5492EC321C5C77CE00A97F06 /* Dripp-Bridging-Header.h */,
			);
			path = Dripp;
			sourceTree = "<group>";
		};
		5492EBF11C5B271600A97F06 /* DrippTests */ = {
			isa = PBXGroup;
			children = (
				5492EBF21C5B271600A97F06 /* DrippTests.swift */,
				5492EBF41C5B271600A97F06 /* Info.plist */,
			);
			path = DrippTests;
			sourceTree = "<group>";
		};
		5492EBFC1C5B271600A97F06 /* DrippUITests */ = {
			isa = PBXGroup;
			children = (
				5492EBFD1C5B271600A97F06 /* DrippUITests.swift */,
				5492EBFF1C5B271600A97F06 /* Info.plist */,
			);
			path = DrippUITests;
			sourceTree = "<group>";
		};
		5492EC1D1C5BF67E00A97F06 /* Audio Files */ = {
			isa = PBXGroup;
			children = (
				5492EC1B1C5BF64F00A97F06 /* sample.mp3 */,
				5492EC301C5C735100A97F06 /* shower.mp3 */,
			);
			name = "Audio Files";
			sourceTree = "<group>";
		};
		5492EC361C5C77D500A97F06 /* Water */ = {
			isa = PBXGroup;
			children = (
				5492EC331C5C77CE00A97F06 /* WaterView.h */,
				5492EC341C5C77CE00A97F06 /* WaterView.m */,
			);
			name = Water;
			sourceTree = "<group>";
		};
		5492EC411C5CD37100A97F06 /* Feed */ = {
			isa = PBXGroup;
			children = (
				5492EC0B1C5B2E9700A97F06 /* FeedViewController.swift */,
				5492EC221C5C04ED00A97F06 /* FeedCell.swift */,
			);
			name = Feed;
			sourceTree = "<group>";
		};
		5492EC421C5CD37B00A97F06 /* Challenges */ = {
			isa = PBXGroup;
			children = (
				5492EC391C5CA8D700A97F06 /* ChallengesViewController.swift */,
			);
			name = Challenges;
			sourceTree = "<group>";
		};
		5492EC441C5CD38A00A97F06 /* Objects */ = {
			isa = PBXGroup;
			children = (
				5492EC3D1C5CC97B00A97F06 /* FeedItem.swift */,
				5492EC4F1C5DCE0500A97F06 /* Playlist.swift */,
				5492EC241C5C052100A97F06 /* Colors.swift */,
				5492EC2E1C5C2A2D00A97F06 /* Song.swift */,
				5492EC1E1C5BF95400A97F06 /* Dripper.swift */,
			);
			name = Objects;
			sourceTree = "<group>";
		};
		5492EC451C5CD3A000A97F06 /* Supporting Files */ = {
			isa = PBXGroup;
			children = (
				5492EC3F1C5CD0B800A97F06 /* Dates.swift */,
				5492EC2A1C5C1D8200A97F06 /* UIImageColors.swift */,
				5492EC4B1C5DCAF800A97F06 /* ToolbarManager.swift */,
				5492EC361C5C77D500A97F06 /* Water */,
			);
			name = "Supporting Files";
			sourceTree = "<group>";
		};
		5492EC461C5CD3A900A97F06 /* Profile */ = {
			isa = PBXGroup;
			children = (
				5492EC111C5B2ECE00A97F06 /* ProfileViewController.swift */,
			);
			name = Profile;
			sourceTree = "<group>";
		};
		5492EC471C5CD3AD00A97F06 /* Shower and Player */ = {
			isa = PBXGroup;
			children = (
				5492EC151C5B354500A97F06 /* PlayerViewController.swift */,
				5492EC0F1C5B2EB500A97F06 /* ShowerViewController.swift */,
				542CD03E1C5E1BCE006C7A99 /* ShowerStatsViewController.swift */,
				5492EC4D1C5DCCEB00A97F06 /* ShowerCell.swift */,
			);
			name = "Shower and Player";
			sourceTree = "<group>";
		};
		5492EC481C5CD3D200A97F06 /* Friends */ = {
			isa = PBXGroup;
			children = (
				5492EC2C1C5C206400A97F06 /* FriendsViewController.swift */,
				5492EC3B1C5CBD2A00A97F06 /* FriendsCell.swift */,
			);
			name = Friends;
			sourceTree = "<group>";
		};
		5492EC491C5CD3DD00A97F06 /* Settings */ = {
			isa = PBXGroup;
			children = (
				5492EC0D1C5B2EA800A97F06 /* SettingsViewController.swift */,
			);
			name = Settings;
			sourceTree = "<group>";
		};
		77AFF41EBF07B5752532C5BD /* Pods */ = {
			isa = PBXGroup;
			children = (
				4449194B6E0BC127F9E52C13 /* Pods.debug.xcconfig */,
				89AC20D05B519CBA808E268B /* Pods.release.xcconfig */,
			);
			name = Pods;
			sourceTree = "<group>";
		};
		A95E246F1C5DC3AF00FE81BF /* DrippWatch */ = {
			isa = PBXGroup;
			children = (
				A95E24701C5DC3AF00FE81BF /* Interface.storyboard */,
				A95E24731C5DC3AF00FE81BF /* Assets.xcassets */,
				A95E24751C5DC3AF00FE81BF /* Info.plist */,
			);
			path = DrippWatch;
			sourceTree = "<group>";
		};
		A95E247E1C5DC3B000FE81BF /* DrippWatch Extension */ = {
			isa = PBXGroup;
			children = (
				A95E247F1C5DC3B000FE81BF /* InterfaceController.swift */,
				A95E24811C5DC3B000FE81BF /* ExtensionDelegate.swift */,
				A95E24831C5DC3B000FE81BF /* Assets.xcassets */,
				A95E24851C5DC3B000FE81BF /* Info.plist */,
			);
			path = "DrippWatch Extension";
			sourceTree = "<group>";
		};
		C843B71CAEFC3F49C15EB2A8 /* Frameworks */ = {
			isa = PBXGroup;
			children = (
				5492EC511C5DE77200A97F06 /* WatchConnectivity.framework */,
				8A333912402514296D82CBFD /* Pods.framework */,
			);
			name = Frameworks;
			sourceTree = "<group>";
		};
/* End PBXGroup section */

/* Begin PBXNativeTarget section */
		5492EBD71C5B271600A97F06 /* Dripp */ = {
			isa = PBXNativeTarget;
			buildConfigurationList = 5492EC021C5B271600A97F06 /* Build configuration list for PBXNativeTarget "Dripp" */;
			buildPhases = (
				889210DF0CB3A99FE13219B4 /* Check Pods Manifest.lock */,
				5492EBD41C5B271600A97F06 /* Sources */,
				5492EBD51C5B271600A97F06 /* Frameworks */,
				5492EBD61C5B271600A97F06 /* Resources */,
				3225FC981A8F78D6309EC14D /* Embed Pods Frameworks */,
				AD429CC350F54357C547FFFF /* Copy Pods Resources */,
				A95E24901C5DC3B000FE81BF /* Embed Watch Content */,
			);
			buildRules = (
			);
			dependencies = (
				A95E24871C5DC3B000FE81BF /* PBXTargetDependency */,
			);
			name = Dripp;
			productName = Dripp;
			productReference = 5492EBD81C5B271600A97F06 /* Dripp.app */;
			productType = "com.apple.product-type.application";
		};
		5492EBED1C5B271600A97F06 /* DrippTests */ = {
			isa = PBXNativeTarget;
			buildConfigurationList = 5492EC051C5B271600A97F06 /* Build configuration list for PBXNativeTarget "DrippTests" */;
			buildPhases = (
				5492EBEA1C5B271600A97F06 /* Sources */,
				5492EBEB1C5B271600A97F06 /* Frameworks */,
				5492EBEC1C5B271600A97F06 /* Resources */,
			);
			buildRules = (
			);
			dependencies = (
				5492EBF01C5B271600A97F06 /* PBXTargetDependency */,
			);
			name = DrippTests;
			productName = DrippTests;
			productReference = 5492EBEE1C5B271600A97F06 /* DrippTests.xctest */;
			productType = "com.apple.product-type.bundle.unit-test";
		};
		5492EBF81C5B271600A97F06 /* DrippUITests */ = {
			isa = PBXNativeTarget;
			buildConfigurationList = 5492EC081C5B271600A97F06 /* Build configuration list for PBXNativeTarget "DrippUITests" */;
			buildPhases = (
				5492EBF51C5B271600A97F06 /* Sources */,
				5492EBF61C5B271600A97F06 /* Frameworks */,
				5492EBF71C5B271600A97F06 /* Resources */,
			);
			buildRules = (
			);
			dependencies = (
				5492EBFB1C5B271600A97F06 /* PBXTargetDependency */,
			);
			name = DrippUITests;
			productName = DrippUITests;
			productReference = 5492EBF91C5B271600A97F06 /* DrippUITests.xctest */;
			productType = "com.apple.product-type.bundle.ui-testing";
		};
		A95E246D1C5DC3AF00FE81BF /* DrippWatch */ = {
			isa = PBXNativeTarget;
			buildConfigurationList = A95E248F1C5DC3B000FE81BF /* Build configuration list for PBXNativeTarget "DrippWatch" */;
			buildPhases = (
				A95E246C1C5DC3AF00FE81BF /* Resources */,
				A95E248E1C5DC3B000FE81BF /* Embed App Extensions */,
			);
			buildRules = (
			);
			dependencies = (
				A95E247D1C5DC3B000FE81BF /* PBXTargetDependency */,
			);
			name = DrippWatch;
			productName = DrippWatch;
			productReference = A95E246E1C5DC3AF00FE81BF /* DrippWatch.app */;
			productType = "com.apple.product-type.application.watchapp2";
		};
		A95E24791C5DC3B000FE81BF /* DrippWatch Extension */ = {
			isa = PBXNativeTarget;
			buildConfigurationList = A95E248D1C5DC3B000FE81BF /* Build configuration list for PBXNativeTarget "DrippWatch Extension" */;
			buildPhases = (
				A95E24761C5DC3B000FE81BF /* Sources */,
				A95E24771C5DC3B000FE81BF /* Frameworks */,
				A95E24781C5DC3B000FE81BF /* Resources */,
			);
			buildRules = (
			);
			dependencies = (
			);
			name = "DrippWatch Extension";
			productName = "DrippWatch Extension";
			productReference = A95E247A1C5DC3B000FE81BF /* DrippWatch Extension.appex */;
			productType = "com.apple.product-type.watchkit2-extension";
		};
/* End PBXNativeTarget section */

/* Begin PBXProject section */
		5492EBD01C5B271600A97F06 /* Project object */ = {
			isa = PBXProject;
			attributes = {
				LastSwiftUpdateCheck = 0720;
				LastUpgradeCheck = 0720;
				ORGANIZATIONNAME = "Henry Saniuk";
				TargetAttributes = {
					5492EBD71C5B271600A97F06 = {
						CreatedOnToolsVersion = 7.2;
						DevelopmentTeam = LCB3NE4A8E;
					};
					5492EBED1C5B271600A97F06 = {
						CreatedOnToolsVersion = 7.2;
						TestTargetID = 5492EBD71C5B271600A97F06;
					};
					5492EBF81C5B271600A97F06 = {
						CreatedOnToolsVersion = 7.2;
						TestTargetID = 5492EBD71C5B271600A97F06;
					};
					A95E246D1C5DC3AF00FE81BF = {
						CreatedOnToolsVersion = 7.2;
						DevelopmentTeam = LCB3NE4A8E;
					};
					A95E24791C5DC3B000FE81BF = {
						CreatedOnToolsVersion = 7.2;
						DevelopmentTeam = LCB3NE4A8E;
					};
				};
			};
			buildConfigurationList = 5492EBD31C5B271600A97F06 /* Build configuration list for PBXProject "Dripp" */;
			compatibilityVersion = "Xcode 3.2";
			developmentRegion = English;
			hasScannedForEncodings = 0;
			knownRegions = (
				en,
				Base,
			);
			mainGroup = 5492EBCF1C5B271600A97F06;
			productRefGroup = 5492EBD91C5B271600A97F06 /* Products */;
			projectDirPath = "";
			projectRoot = "";
			targets = (
				5492EBD71C5B271600A97F06 /* Dripp */,
				5492EBED1C5B271600A97F06 /* DrippTests */,
				5492EBF81C5B271600A97F06 /* DrippUITests */,
				A95E246D1C5DC3AF00FE81BF /* DrippWatch */,
				A95E24791C5DC3B000FE81BF /* DrippWatch Extension */,
			);
		};
/* End PBXProject section */

/* Begin PBXResourcesBuildPhase section */
		5492EBD61C5B271600A97F06 /* Resources */ = {
			isa = PBXResourcesBuildPhase;
			buildActionMask = 2147483647;
			files = (
				5492EC311C5C735100A97F06 /* shower.mp3 in Resources */,
				5492EC1A1C5BEFD600A97F06 /* Podfile in Resources */,
				5492EBE81C5B271600A97F06 /* LaunchScreen.storyboard in Resources */,
				5492EBE51C5B271600A97F06 /* Assets.xcassets in Resources */,
				5492EBE31C5B271600A97F06 /* Main.storyboard in Resources */,
				5492EC1C1C5BF64F00A97F06 /* sample.mp3 in Resources */,
			);
			runOnlyForDeploymentPostprocessing = 0;
		};
		5492EBEC1C5B271600A97F06 /* Resources */ = {
			isa = PBXResourcesBuildPhase;
			buildActionMask = 2147483647;
			files = (
			);
			runOnlyForDeploymentPostprocessing = 0;
		};
		5492EBF71C5B271600A97F06 /* Resources */ = {
			isa = PBXResourcesBuildPhase;
			buildActionMask = 2147483647;
			files = (
			);
			runOnlyForDeploymentPostprocessing = 0;
		};
		A95E246C1C5DC3AF00FE81BF /* Resources */ = {
			isa = PBXResourcesBuildPhase;
			buildActionMask = 2147483647;
			files = (
				A95E24741C5DC3AF00FE81BF /* Assets.xcassets in Resources */,
				A95E24721C5DC3AF00FE81BF /* Interface.storyboard in Resources */,
			);
			runOnlyForDeploymentPostprocessing = 0;
		};
		A95E24781C5DC3B000FE81BF /* Resources */ = {
			isa = PBXResourcesBuildPhase;
			buildActionMask = 2147483647;
			files = (
				A95E24841C5DC3B000FE81BF /* Assets.xcassets in Resources */,
			);
			runOnlyForDeploymentPostprocessing = 0;
		};
/* End PBXResourcesBuildPhase section */

/* Begin PBXShellScriptBuildPhase section */
		3225FC981A8F78D6309EC14D /* Embed Pods Frameworks */ = {
			isa = PBXShellScriptBuildPhase;
			buildActionMask = 2147483647;
			files = (
			);
			inputPaths = (
			);
			name = "Embed Pods Frameworks";
			outputPaths = (
			);
			runOnlyForDeploymentPostprocessing = 0;
			shellPath = /bin/sh;
			shellScript = "\"${SRCROOT}/Pods/Target Support Files/Pods/Pods-frameworks.sh\"\n";
			showEnvVarsInLog = 0;
		};
		889210DF0CB3A99FE13219B4 /* Check Pods Manifest.lock */ = {
			isa = PBXShellScriptBuildPhase;
			buildActionMask = 2147483647;
			files = (
			);
			inputPaths = (
			);
			name = "Check Pods Manifest.lock";
			outputPaths = (
			);
			runOnlyForDeploymentPostprocessing = 0;
			shellPath = /bin/sh;
			shellScript = "diff \"${PODS_ROOT}/../Podfile.lock\" \"${PODS_ROOT}/Manifest.lock\" > /dev/null\nif [[ $? != 0 ]] ; then\n    cat << EOM\nerror: The sandbox is not in sync with the Podfile.lock. Run 'pod install' or update your CocoaPods installation.\nEOM\n    exit 1\nfi\n";
			showEnvVarsInLog = 0;
		};
		AD429CC350F54357C547FFFF /* Copy Pods Resources */ = {
			isa = PBXShellScriptBuildPhase;
			buildActionMask = 2147483647;
			files = (
			);
			inputPaths = (
			);
			name = "Copy Pods Resources";
			outputPaths = (
			);
			runOnlyForDeploymentPostprocessing = 0;
			shellPath = /bin/sh;
			shellScript = "\"${SRCROOT}/Pods/Target Support Files/Pods/Pods-resources.sh\"\n";
			showEnvVarsInLog = 0;
		};
/* End PBXShellScriptBuildPhase section */

/* Begin PBXSourcesBuildPhase section */
		5492EBD41C5B271600A97F06 /* Sources */ = {
			isa = PBXSourcesBuildPhase;
			buildActionMask = 2147483647;
			files = (
				5492EC101C5B2EB500A97F06 /* ShowerViewController.swift in Sources */,
				542CD03F1C5E1BCE006C7A99 /* ShowerStatsViewController.swift in Sources */,
				5492EC4E1C5DCCEB00A97F06 /* ShowerCell.swift in Sources */,
				5492EC3A1C5CA8D700A97F06 /* ChallengesViewController.swift in Sources */,
				5492EC2B1C5C1D8200A97F06 /* UIImageColors.swift in Sources */,
				5492EC3E1C5CC97B00A97F06 /* FeedItem.swift in Sources */,
				5492EC251C5C052100A97F06 /* Colors.swift in Sources */,
				5492EC4C1C5DCAF800A97F06 /* ToolbarManager.swift in Sources */,
				5492EC231C5C04ED00A97F06 /* FeedCell.swift in Sources */,
				5492EC2D1C5C206400A97F06 /* FriendsViewController.swift in Sources */,
				5492EC3C1C5CBD2A00A97F06 /* FriendsCell.swift in Sources */,
				5492EC1F1C5BF95400A97F06 /* Dripper.swift in Sources */,
				5492EBDC1C5B271600A97F06 /* AppDelegate.swift in Sources */,
				5492EC161C5B354500A97F06 /* PlayerViewController.swift in Sources */,
				5492EC0C1C5B2E9700A97F06 /* FeedViewController.swift in Sources */,
				5492EC351C5C77CE00A97F06 /* WaterView.m in Sources */,
				5492EC121C5B2ECE00A97F06 /* ProfileViewController.swift in Sources */,
				5492EC401C5CD0B800A97F06 /* Dates.swift in Sources */,
				5492EC2F1C5C2A2D00A97F06 /* Song.swift in Sources */,
				5492EC0E1C5B2EA800A97F06 /* SettingsViewController.swift in Sources */,
				5492EC501C5DCE0500A97F06 /* Playlist.swift in Sources */,
			);
			runOnlyForDeploymentPostprocessing = 0;
		};
		5492EBEA1C5B271600A97F06 /* Sources */ = {
			isa = PBXSourcesBuildPhase;
			buildActionMask = 2147483647;
			files = (
				5492EBF31C5B271600A97F06 /* DrippTests.swift in Sources */,
			);
			runOnlyForDeploymentPostprocessing = 0;
		};
		5492EBF51C5B271600A97F06 /* Sources */ = {
			isa = PBXSourcesBuildPhase;
			buildActionMask = 2147483647;
			files = (
				5492EBFE1C5B271600A97F06 /* DrippUITests.swift in Sources */,
			);
			runOnlyForDeploymentPostprocessing = 0;
		};
		A95E24761C5DC3B000FE81BF /* Sources */ = {
			isa = PBXSourcesBuildPhase;
			buildActionMask = 2147483647;
			files = (
				A95E24821C5DC3B000FE81BF /* ExtensionDelegate.swift in Sources */,
				A95E24801C5DC3B000FE81BF /* InterfaceController.swift in Sources */,
			);
			runOnlyForDeploymentPostprocessing = 0;
		};
/* End PBXSourcesBuildPhase section */

/* Begin PBXTargetDependency section */
		5492EBF01C5B271600A97F06 /* PBXTargetDependency */ = {
			isa = PBXTargetDependency;
			target = 5492EBD71C5B271600A97F06 /* Dripp */;
			targetProxy = 5492EBEF1C5B271600A97F06 /* PBXContainerItemProxy */;
		};
		5492EBFB1C5B271600A97F06 /* PBXTargetDependency */ = {
			isa = PBXTargetDependency;
			target = 5492EBD71C5B271600A97F06 /* Dripp */;
			targetProxy = 5492EBFA1C5B271600A97F06 /* PBXContainerItemProxy */;
		};
		A95E247D1C5DC3B000FE81BF /* PBXTargetDependency */ = {
			isa = PBXTargetDependency;
			target = A95E24791C5DC3B000FE81BF /* DrippWatch Extension */;
			targetProxy = A95E247C1C5DC3B000FE81BF /* PBXContainerItemProxy */;
		};
		A95E24871C5DC3B000FE81BF /* PBXTargetDependency */ = {
			isa = PBXTargetDependency;
			target = A95E246D1C5DC3AF00FE81BF /* DrippWatch */;
			targetProxy = A95E24861C5DC3B000FE81BF /* PBXContainerItemProxy */;
		};
/* End PBXTargetDependency section */

/* Begin PBXVariantGroup section */
		5492EBE11C5B271600A97F06 /* Main.storyboard */ = {
			isa = PBXVariantGroup;
			children = (
				5492EBE21C5B271600A97F06 /* Base */,
			);
			name = Main.storyboard;
			sourceTree = "<group>";
		};
		5492EBE61C5B271600A97F06 /* LaunchScreen.storyboard */ = {
			isa = PBXVariantGroup;
			children = (
				5492EBE71C5B271600A97F06 /* Base */,
			);
			name = LaunchScreen.storyboard;
			sourceTree = "<group>";
		};
		A95E24701C5DC3AF00FE81BF /* Interface.storyboard */ = {
			isa = PBXVariantGroup;
			children = (
				A95E24711C5DC3AF00FE81BF /* Base */,
			);
			name = Interface.storyboard;
			sourceTree = "<group>";
		};
/* End PBXVariantGroup section */

/* Begin XCBuildConfiguration section */
		5492EC001C5B271600A97F06 /* Debug */ = {
			isa = XCBuildConfiguration;
			buildSettings = {
				ALWAYS_SEARCH_USER_PATHS = NO;
				CLANG_CXX_LANGUAGE_STANDARD = "gnu++0x";
				CLANG_CXX_LIBRARY = "libc++";
				CLANG_ENABLE_MODULES = YES;
				CLANG_ENABLE_OBJC_ARC = YES;
				CLANG_WARN_BOOL_CONVERSION = YES;
				CLANG_WARN_CONSTANT_CONVERSION = YES;
				CLANG_WARN_DIRECT_OBJC_ISA_USAGE = YES_ERROR;
				CLANG_WARN_EMPTY_BODY = YES;
				CLANG_WARN_ENUM_CONVERSION = YES;
				CLANG_WARN_INT_CONVERSION = YES;
				CLANG_WARN_OBJC_ROOT_CLASS = YES_ERROR;
				CLANG_WARN_UNREACHABLE_CODE = YES;
				CLANG_WARN__DUPLICATE_METHOD_MATCH = YES;
				"CODE_SIGN_IDENTITY[sdk=iphoneos*]" = "iPhone Developer";
				COPY_PHASE_STRIP = NO;
				DEBUG_INFORMATION_FORMAT = dwarf;
				ENABLE_STRICT_OBJC_MSGSEND = YES;
				ENABLE_TESTABILITY = YES;
				GCC_C_LANGUAGE_STANDARD = gnu99;
				GCC_DYNAMIC_NO_PIC = NO;
				GCC_NO_COMMON_BLOCKS = YES;
				GCC_OPTIMIZATION_LEVEL = 0;
				GCC_PREPROCESSOR_DEFINITIONS = (
					"DEBUG=1",
					"$(inherited)",
				);
				GCC_WARN_64_TO_32_BIT_CONVERSION = YES;
				GCC_WARN_ABOUT_RETURN_TYPE = YES_ERROR;
				GCC_WARN_UNDECLARED_SELECTOR = YES;
				GCC_WARN_UNINITIALIZED_AUTOS = YES_AGGRESSIVE;
				GCC_WARN_UNUSED_FUNCTION = YES;
				GCC_WARN_UNUSED_VARIABLE = YES;
				IPHONEOS_DEPLOYMENT_TARGET = 9.2;
				MTL_ENABLE_DEBUG_INFO = YES;
				ONLY_ACTIVE_ARCH = YES;
				SDKROOT = iphoneos;
				SWIFT_OPTIMIZATION_LEVEL = "-Onone";
				TARGETED_DEVICE_FAMILY = "1,2";
			};
			name = Debug;
		};
		5492EC011C5B271600A97F06 /* Release */ = {
			isa = XCBuildConfiguration;
			buildSettings = {
				ALWAYS_SEARCH_USER_PATHS = NO;
				CLANG_CXX_LANGUAGE_STANDARD = "gnu++0x";
				CLANG_CXX_LIBRARY = "libc++";
				CLANG_ENABLE_MODULES = YES;
				CLANG_ENABLE_OBJC_ARC = YES;
				CLANG_WARN_BOOL_CONVERSION = YES;
				CLANG_WARN_CONSTANT_CONVERSION = YES;
				CLANG_WARN_DIRECT_OBJC_ISA_USAGE = YES_ERROR;
				CLANG_WARN_EMPTY_BODY = YES;
				CLANG_WARN_ENUM_CONVERSION = YES;
				CLANG_WARN_INT_CONVERSION = YES;
				CLANG_WARN_OBJC_ROOT_CLASS = YES_ERROR;
				CLANG_WARN_UNREACHABLE_CODE = YES;
				CLANG_WARN__DUPLICATE_METHOD_MATCH = YES;
				"CODE_SIGN_IDENTITY[sdk=iphoneos*]" = "iPhone Developer";
				COPY_PHASE_STRIP = NO;
				DEBUG_INFORMATION_FORMAT = "dwarf-with-dsym";
				ENABLE_NS_ASSERTIONS = NO;
				ENABLE_STRICT_OBJC_MSGSEND = YES;
				GCC_C_LANGUAGE_STANDARD = gnu99;
				GCC_NO_COMMON_BLOCKS = YES;
				GCC_WARN_64_TO_32_BIT_CONVERSION = YES;
				GCC_WARN_ABOUT_RETURN_TYPE = YES_ERROR;
				GCC_WARN_UNDECLARED_SELECTOR = YES;
				GCC_WARN_UNINITIALIZED_AUTOS = YES_AGGRESSIVE;
				GCC_WARN_UNUSED_FUNCTION = YES;
				GCC_WARN_UNUSED_VARIABLE = YES;
				IPHONEOS_DEPLOYMENT_TARGET = 9.2;
				MTL_ENABLE_DEBUG_INFO = NO;
				SDKROOT = iphoneos;
				TARGETED_DEVICE_FAMILY = "1,2";
				VALIDATE_PRODUCT = YES;
			};
			name = Release;
		};
		5492EC031C5B271600A97F06 /* Debug */ = {
			isa = XCBuildConfiguration;
			baseConfigurationReference = 4449194B6E0BC127F9E52C13 /* Pods.debug.xcconfig */;
			buildSettings = {
				ASSETCATALOG_COMPILER_APPICON_NAME = AppIcon;
				CLANG_ENABLE_MODULES = YES;
				CODE_SIGN_IDENTITY = "iPhone Developer";
				INFOPLIST_FILE = Dripp/Info.plist;
				IPHONEOS_DEPLOYMENT_TARGET = 9.0;
				LD_RUNPATH_SEARCH_PATHS = "$(inherited) @executable_path/Frameworks";
				PRODUCT_BUNDLE_IDENTIFIER = xyz.Dripp.Dripp;
				PRODUCT_NAME = "$(TARGET_NAME)";
				SWIFT_OBJC_BRIDGING_HEADER = "Dripp/Dripp-Bridging-Header.h";
				SWIFT_OPTIMIZATION_LEVEL = "-Onone";
			};
			name = Debug;
		};
		5492EC041C5B271600A97F06 /* Release */ = {
			isa = XCBuildConfiguration;
			baseConfigurationReference = 89AC20D05B519CBA808E268B /* Pods.release.xcconfig */;
			buildSettings = {
				ASSETCATALOG_COMPILER_APPICON_NAME = AppIcon;
				CLANG_ENABLE_MODULES = YES;
				CODE_SIGN_IDENTITY = "iPhone Developer";
				INFOPLIST_FILE = Dripp/Info.plist;
				IPHONEOS_DEPLOYMENT_TARGET = 9.0;
				LD_RUNPATH_SEARCH_PATHS = "$(inherited) @executable_path/Frameworks";
				PRODUCT_BUNDLE_IDENTIFIER = xyz.Dripp.Dripp;
				PRODUCT_NAME = "$(TARGET_NAME)";
				SWIFT_OBJC_BRIDGING_HEADER = "Dripp/Dripp-Bridging-Header.h";
			};
			name = Release;
		};
		5492EC061C5B271600A97F06 /* Debug */ = {
			isa = XCBuildConfiguration;
			buildSettings = {
				BUNDLE_LOADER = "$(TEST_HOST)";
				INFOPLIST_FILE = DrippTests/Info.plist;
				LD_RUNPATH_SEARCH_PATHS = "$(inherited) @executable_path/Frameworks @loader_path/Frameworks";
				PRODUCT_BUNDLE_IDENTIFIER = xyz.Dripp.DrippTests;
				PRODUCT_NAME = "$(TARGET_NAME)";
				TEST_HOST = "$(BUILT_PRODUCTS_DIR)/Dripp.app/Dripp";
			};
			name = Debug;
		};
		5492EC071C5B271600A97F06 /* Release */ = {
			isa = XCBuildConfiguration;
			buildSettings = {
				BUNDLE_LOADER = "$(TEST_HOST)";
				INFOPLIST_FILE = DrippTests/Info.plist;
				LD_RUNPATH_SEARCH_PATHS = "$(inherited) @executable_path/Frameworks @loader_path/Frameworks";
				PRODUCT_BUNDLE_IDENTIFIER = xyz.Dripp.DrippTests;
				PRODUCT_NAME = "$(TARGET_NAME)";
				TEST_HOST = "$(BUILT_PRODUCTS_DIR)/Dripp.app/Dripp";
			};
			name = Release;
		};
		5492EC091C5B271600A97F06 /* Debug */ = {
			isa = XCBuildConfiguration;
			buildSettings = {
				INFOPLIST_FILE = DrippUITests/Info.plist;
				LD_RUNPATH_SEARCH_PATHS = "$(inherited) @executable_path/Frameworks @loader_path/Frameworks";
				PRODUCT_BUNDLE_IDENTIFIER = xyz.Dripp.DrippUITests;
				PRODUCT_NAME = "$(TARGET_NAME)";
				TEST_TARGET_NAME = Dripp;
				USES_XCTRUNNER = YES;
			};
			name = Debug;
		};
		5492EC0A1C5B271600A97F06 /* Release */ = {
			isa = XCBuildConfiguration;
			buildSettings = {
				INFOPLIST_FILE = DrippUITests/Info.plist;
				LD_RUNPATH_SEARCH_PATHS = "$(inherited) @executable_path/Frameworks @loader_path/Frameworks";
				PRODUCT_BUNDLE_IDENTIFIER = xyz.Dripp.DrippUITests;
				PRODUCT_NAME = "$(TARGET_NAME)";
				TEST_TARGET_NAME = Dripp;
				USES_XCTRUNNER = YES;
			};
			name = Release;
		};
		A95E24891C5DC3B000FE81BF /* Debug */ = {
			isa = XCBuildConfiguration;
			buildSettings = {
				ASSETCATALOG_COMPILER_APPICON_NAME = AppIcon;
				CODE_SIGN_IDENTITY = "iPhone Developer";
				EMBEDDED_CONTENT_CONTAINS_SWIFT = YES;
				IBSC_MODULE = DrippWatch_Extension;
				INFOPLIST_FILE = DrippWatch/Info.plist;
				PRODUCT_BUNDLE_IDENTIFIER = xyz.Dripp.Dripp.watchkitapp;
				PRODUCT_NAME = "$(TARGET_NAME)";
				SDKROOT = watchos;
				SKIP_INSTALL = YES;
				TARGETED_DEVICE_FAMILY = 4;
				WATCHOS_DEPLOYMENT_TARGET = 2.1;
			};
			name = Debug;
		};
		A95E248A1C5DC3B000FE81BF /* Release */ = {
			isa = XCBuildConfiguration;
			buildSettings = {
				ASSETCATALOG_COMPILER_APPICON_NAME = AppIcon;
				CODE_SIGN_IDENTITY = "iPhone Developer";
				EMBEDDED_CONTENT_CONTAINS_SWIFT = YES;
				IBSC_MODULE = DrippWatch_Extension;
				INFOPLIST_FILE = DrippWatch/Info.plist;
				PRODUCT_BUNDLE_IDENTIFIER = xyz.Dripp.Dripp.watchkitapp;
				PRODUCT_NAME = "$(TARGET_NAME)";
				SDKROOT = watchos;
				SKIP_INSTALL = YES;
				TARGETED_DEVICE_FAMILY = 4;
				WATCHOS_DEPLOYMENT_TARGET = 2.1;
			};
			name = Release;
		};
		A95E248B1C5DC3B000FE81BF /* Debug */ = {
			isa = XCBuildConfiguration;
			buildSettings = {
				CODE_SIGN_IDENTITY = "iPhone Developer";
				INFOPLIST_FILE = "DrippWatch Extension/Info.plist";
				LD_RUNPATH_SEARCH_PATHS = "$(inherited) @executable_path/Frameworks @executable_path/../../Frameworks";
				PRODUCT_BUNDLE_IDENTIFIER = xyz.Dripp.Dripp.watchkitapp.watchkitextension;
				PRODUCT_NAME = "${TARGET_NAME}";
				SDKROOT = watchos;
				SKIP_INSTALL = YES;
				TARGETED_DEVICE_FAMILY = 4;
				WATCHOS_DEPLOYMENT_TARGET = 2.1;
			};
			name = Debug;
		};
		A95E248C1C5DC3B000FE81BF /* Release */ = {
			isa = XCBuildConfiguration;
			buildSettings = {
				CODE_SIGN_IDENTITY = "iPhone Developer";
				INFOPLIST_FILE = "DrippWatch Extension/Info.plist";
				LD_RUNPATH_SEARCH_PATHS = "$(inherited) @executable_path/Frameworks @executable_path/../../Frameworks";
				PRODUCT_BUNDLE_IDENTIFIER = xyz.Dripp.Dripp.watchkitapp.watchkitextension;
				PRODUCT_NAME = "${TARGET_NAME}";
				SDKROOT = watchos;
				SKIP_INSTALL = YES;
				TARGETED_DEVICE_FAMILY = 4;
				WATCHOS_DEPLOYMENT_TARGET = 2.1;
			};
			name = Release;
		};
/* End XCBuildConfiguration section */

/* Begin XCConfigurationList section */
		5492EBD31C5B271600A97F06 /* Build configuration list for PBXProject "Dripp" */ = {
			isa = XCConfigurationList;
			buildConfigurations = (
				5492EC001C5B271600A97F06 /* Debug */,
				5492EC011C5B271600A97F06 /* Release */,
			);
			defaultConfigurationIsVisible = 0;
			defaultConfigurationName = Release;
		};
		5492EC021C5B271600A97F06 /* Build configuration list for PBXNativeTarget "Dripp" */ = {
			isa = XCConfigurationList;
			buildConfigurations = (
				5492EC031C5B271600A97F06 /* Debug */,
				5492EC041C5B271600A97F06 /* Release */,
			);
			defaultConfigurationIsVisible = 0;
			defaultConfigurationName = Release;
		};
		5492EC051C5B271600A97F06 /* Build configuration list for PBXNativeTarget "DrippTests" */ = {
			isa = XCConfigurationList;
			buildConfigurations = (
				5492EC061C5B271600A97F06 /* Debug */,
				5492EC071C5B271600A97F06 /* Release */,
			);
			defaultConfigurationIsVisible = 0;
			defaultConfigurationName = Release;
		};
		5492EC081C5B271600A97F06 /* Build configuration list for PBXNativeTarget "DrippUITests" */ = {
			isa = XCConfigurationList;
			buildConfigurations = (
				5492EC091C5B271600A97F06 /* Debug */,
				5492EC0A1C5B271600A97F06 /* Release */,
			);
			defaultConfigurationIsVisible = 0;
			defaultConfigurationName = Release;
		};
		A95E248D1C5DC3B000FE81BF /* Build configuration list for PBXNativeTarget "DrippWatch Extension" */ = {
			isa = XCConfigurationList;
			buildConfigurations = (
				A95E248B1C5DC3B000FE81BF /* Debug */,
				A95E248C1C5DC3B000FE81BF /* Release */,
			);
			defaultConfigurationIsVisible = 0;
			defaultConfigurationName = Release;
		};
		A95E248F1C5DC3B000FE81BF /* Build configuration list for PBXNativeTarget "DrippWatch" */ = {
			isa = XCConfigurationList;
			buildConfigurations = (
				A95E24891C5DC3B000FE81BF /* Debug */,
				A95E248A1C5DC3B000FE81BF /* Release */,
			);
			defaultConfigurationIsVisible = 0;
			defaultConfigurationName = Release;
		};
/* End XCConfigurationList section */
	};
	rootObject = 5492EBD01C5B271600A97F06 /* Project object */;
}
